
Microsoft Visual Studio Solution File, Format Version 12.00
# Visual Studio Version 16
VisualStudioVersion = 16.0.30717.126
MinimumVisualStudioVersion = 10.0.40219.1
Project("{FAE04EC0-301F-11D3-BF4B-00C04F79EFBC}") = "CRUD.Produtos", "CRUD.Produtos\CRUD.Produtos.csproj", "{4C75457D-F801-4FC2-AE25-DEDDA4B66A3E}"
EndProject
Global
	GlobalSection(SolutionConfigurationPlatforms) = preSolution
		Debug|Any CPU = Debug|Any CPU
		Release|Any CPU = Release|Any CPU
	EndGlobalSection
	GlobalSection(ProjectConfigurationPlatforms) = postSolution
		{4C75457D-F801-4FC2-AE25-DEDDA4B66A3E}.Debug|Any CPU.ActiveCfg = Debug|Any CPU
		{4C75457D-F801-4FC2-AE25-DEDDA4B66A3E}.Debug|Any CPU.Build.0 = Debug|Any CPU
		{4C75457D-F801-4FC2-AE25-DEDDA4B66A3E}.Release|Any CPU.ActiveCfg = Release|Any CPU
		{4C75457D-F801-4FC2-AE25-DEDDA4B66A3E}.Release|Any CPU.Build.0 = Release|Any CPU
	EndGlobalSection
	GlobalSection(SolutionProperties) = preSolution
		HideSolutionNode = FALSE
	EndGlobalSection
	GlobalSection(ExtensibilityGlobals) = postSolution
		SolutionGuid = {CC84AA7D-CA6D-4133-8740-BF7ECE23F737}
	EndGlobalSection
EndGlobal
